
Microsoft Visual Studio Solution File, Format Version 12.00
# Visual Studio Version 17
VisualStudioVersion = 17.11.35327.3
MinimumVisualStudioVersion = 10.0.40219.1
Project("{2150E333-8FDC-42A3-9474-1A3956D46DE8}") = "src", "src", "{7E1F5C56-7B1B-4D92-AA77-ECBF36A36632}"
EndProject
Project("{2150E333-8FDC-42A3-9474-1A3956D46DE8}") = "1 - WebApi", "1 - WebApi", "{3D925B97-E424-43D5-A79A-8F5F4DEC9D44}"
EndProject
Project("{2150E333-8FDC-42A3-9474-1A3956D46DE8}") = "2 - Application", "2 - Application", "{FFA51B9C-6600-4867-92CA-7C72D0B9FB5E}"
EndProject
Project("{2150E333-8FDC-42A3-9474-1A3956D46DE8}") = "3 - Domain", "3 - Domain", "{9374552F-BE8D-4AFA-B3EC-35E1244B3DF4}"
EndProject
Project("{2150E333-8FDC-42A3-9474-1A3956D46DE8}") = "4 - Infra", "4 - Infra", "{EEF974F3-B15B-44BA-BEBF-6C1BFD367EC0}"
EndProject
Project("{FAE04EC0-301F-11D3-BF4B-00C04F79EFBC}") = "ProEventos.WebApi", "src\ProEventos.WebApi\ProEventos.WebApi.csproj", "{48D4A3E3-329F-4FE3-9726-000B08FFB11B}"
EndProject
Project("{FAE04EC0-301F-11D3-BF4B-00C04F79EFBC}") = "ProEventos.Application", "src\ProEventos.Application\ProEventos.Application.csproj", "{CFE365F1-6CE4-43DA-AC5A-403D7D1BD360}"
EndProject
Project("{FAE04EC0-301F-11D3-BF4B-00C04F79EFBC}") = "ProEventos.Domain", "src\ProEventos.Domain\ProEventos.Domain.csproj", "{7F61EBA2-37C0-4576-9604-AF018B95DD36}"
EndProject
Project("{FAE04EC0-301F-11D3-BF4B-00C04F79EFBC}") = "ProEventos.Infra.Data", "src\ProEventos.Infra.Data\ProEventos.Infra.Data.csproj", "{B960F83B-E008-4450-89F0-65785AE5A96E}"
EndProject
Project("{2150E333-8FDC-42A3-9474-1A3956D46DE8}") = "4.1 - Data", "4.1 - Data", "{5F1866DA-97CD-4AD3-B808-DC03278B8C35}"
EndProject
Project("{2150E333-8FDC-42A3-9474-1A3956D46DE8}") = "4.2 - IoC", "4.2 - IoC", "{AD105C4F-6D4B-4310-AE2C-38D08DB44420}"
EndProject
Project("{FAE04EC0-301F-11D3-BF4B-00C04F79EFBC}") = "ProEventos.Infra.IoC", "src\ProEventos.Infra.IoC\ProEventos.Infra.IoC.csproj", "{585B5C6C-FF49-47A5-B8E6-424F0DC2474D}"
EndProject
Global
	GlobalSection(SolutionConfigurationPlatforms) = preSolution
		Debug|Any CPU = Debug|Any CPU
		Release|Any CPU = Release|Any CPU
	EndGlobalSection
	GlobalSection(ProjectConfigurationPlatforms) = postSolution
		{48D4A3E3-329F-4FE3-9726-000B08FFB11B}.Debug|Any CPU.ActiveCfg = Debug|Any CPU
		{48D4A3E3-329F-4FE3-9726-000B08FFB11B}.Debug|Any CPU.Build.0 = Debug|Any CPU
		{48D4A3E3-329F-4FE3-9726-000B08FFB11B}.Release|Any CPU.ActiveCfg = Release|Any CPU
		{48D4A3E3-329F-4FE3-9726-000B08FFB11B}.Release|Any CPU.Build.0 = Release|Any CPU
		{CFE365F1-6CE4-43DA-AC5A-403D7D1BD360}.Debug|Any CPU.ActiveCfg = Debug|Any CPU
		{CFE365F1-6CE4-43DA-AC5A-403D7D1BD360}.Debug|Any CPU.Build.0 = Debug|Any CPU
		{CFE365F1-6CE4-43DA-AC5A-403D7D1BD360}.Release|Any CPU.ActiveCfg = Release|Any CPU
		{CFE365F1-6CE4-43DA-AC5A-403D7D1BD360}.Release|Any CPU.Build.0 = Release|Any CPU
		{7F61EBA2-37C0-4576-9604-AF018B95DD36}.Debug|Any CPU.ActiveCfg = Debug|Any CPU
		{7F61EBA2-37C0-4576-9604-AF018B95DD36}.Debug|Any CPU.Build.0 = Debug|Any CPU
		{7F61EBA2-37C0-4576-9604-AF018B95DD36}.Release|Any CPU.ActiveCfg = Release|Any CPU
		{7F61EBA2-37C0-4576-9604-AF018B95DD36}.Release|Any CPU.Build.0 = Release|Any CPU
		{B960F83B-E008-4450-89F0-65785AE5A96E}.Debug|Any CPU.ActiveCfg = Debug|Any CPU
		{B960F83B-E008-4450-89F0-65785AE5A96E}.Debug|Any CPU.Build.0 = Debug|Any CPU
		{B960F83B-E008-4450-89F0-65785AE5A96E}.Release|Any CPU.ActiveCfg = Release|Any CPU
		{B960F83B-E008-4450-89F0-65785AE5A96E}.Release|Any CPU.Build.0 = Release|Any CPU
		{585B5C6C-FF49-47A5-B8E6-424F0DC2474D}.Debug|Any CPU.ActiveCfg = Debug|Any CPU
		{585B5C6C-FF49-47A5-B8E6-424F0DC2474D}.Debug|Any CPU.Build.0 = Debug|Any CPU
		{585B5C6C-FF49-47A5-B8E6-424F0DC2474D}.Release|Any CPU.ActiveCfg = Release|Any CPU
		{585B5C6C-FF49-47A5-B8E6-424F0DC2474D}.Release|Any CPU.Build.0 = Release|Any CPU
	EndGlobalSection
	GlobalSection(SolutionProperties) = preSolution
		HideSolutionNode = FALSE
	EndGlobalSection
	GlobalSection(NestedProjects) = preSolution
		{3D925B97-E424-43D5-A79A-8F5F4DEC9D44} = {7E1F5C56-7B1B-4D92-AA77-ECBF36A36632}
		{FFA51B9C-6600-4867-92CA-7C72D0B9FB5E} = {7E1F5C56-7B1B-4D92-AA77-ECBF36A36632}
		{9374552F-BE8D-4AFA-B3EC-35E1244B3DF4} = {7E1F5C56-7B1B-4D92-AA77-ECBF36A36632}
		{EEF974F3-B15B-44BA-BEBF-6C1BFD367EC0} = {7E1F5C56-7B1B-4D92-AA77-ECBF36A36632}
		{48D4A3E3-329F-4FE3-9726-000B08FFB11B} = {3D925B97-E424-43D5-A79A-8F5F4DEC9D44}
		{CFE365F1-6CE4-43DA-AC5A-403D7D1BD360} = {FFA51B9C-6600-4867-92CA-7C72D0B9FB5E}
		{7F61EBA2-37C0-4576-9604-AF018B95DD36} = {9374552F-BE8D-4AFA-B3EC-35E1244B3DF4}
		{B960F83B-E008-4450-89F0-65785AE5A96E} = {5F1866DA-97CD-4AD3-B808-DC03278B8C35}
		{5F1866DA-97CD-4AD3-B808-DC03278B8C35} = {EEF974F3-B15B-44BA-BEBF-6C1BFD367EC0}
		{AD105C4F-6D4B-4310-AE2C-38D08DB44420} = {EEF974F3-B15B-44BA-BEBF-6C1BFD367EC0}
		{585B5C6C-FF49-47A5-B8E6-424F0DC2474D} = {AD105C4F-6D4B-4310-AE2C-38D08DB44420}
	EndGlobalSection
	GlobalSection(ExtensibilityGlobals) = postSolution
		SolutionGuid = {02895B11-B416-4C6C-9FE7-E02452004C17}
	EndGlobalSection
EndGlobal
